# THIS IS AN AUTOGENERATED FILE. DO NOT EDIT THIS FILE DIRECTLY.
# yarn lockfile v1


systeminformation@^4.23.0:
  version "4.23.0"
  resolved "https://registry.yarnpkg.com/systeminformation/-/systeminformation-4.23.0.tgz#9a38262d3f6c2db4b7b5abd4808a2035c8a162c2"
  integrity sha512-Gx24ttVOuqKpaGJ5bMYOt/Y7VTntc/Du6h0oh1evKPjxXdSeAcwk1+xsTxEizN3+ZuuVyoHl5hV0jtlHDOGeYA==
